# This file is @generated by PDM.
# It is not intended for manual editing.

[metadata]
groups = ["default"]
strategy = ["inherit_metadata"]
lock_version = "4.5.0"
content_hash = "sha256:fc4faa7fbaac17f4c2a71d32a791aa3c306be77fca5504ae657934dda411c038"

[[metadata.targets]]
requires_python = ">=3.12"

[[package]]
name = "anyascii"
version = "0.3.2"
requires_python = ">=3.3"
summary = "Unicode to ASCII transliteration"
groups = ["default"]
files = [
    {file = "anyascii-0.3.2-py3-none-any.whl", hash = "sha256:3b3beef6fc43d9036d3b0529050b0c48bfad8bc960e9e562d7223cfb94fe45d4"},
    {file = "anyascii-0.3.2.tar.gz", hash = "sha256:9d5d32ef844fe225b8bc7cba7f950534fae4da27a9bf3a6bea2cb0ea46ce4730"},
]

[[package]]
name = "appdirs"
version = "1.4.4"
summary = "A small Python module for determining appropriate platform-specific dirs, e.g. a \"user data dir\"."
groups = ["default"]
files = [
    {file = "appdirs-1.4.4-py2.py3-none-any.whl", hash = "sha256:a841dacd6b99318a741b166adb07e19ee71a274450e68237b4650ca1055ab128"},
    {file = "appdirs-1.4.4.tar.gz", hash = "sha256:7d5d0167b2b1ba821647616af46a749d1c653740dd0d2415100fe26e27afdf41"},
]

[[package]]
name = "asgiref"
version = "3.8.1"
requires_python = ">=3.8"
summary = "ASGI specs, helper code, and adapters"
groups = ["default"]
dependencies = [
    "typing-extensions>=4; python_version < \"3.11\"",
]
files = [
    {file = "asgiref-3.8.1-py3-none-any.whl", hash = "sha256:3e1e3ecc849832fe52ccf2cb6686b7a55f82bb1d6aee72a58826471390335e47"},
    {file = "asgiref-3.8.1.tar.gz", hash = "sha256:c343bd80a0bec947a9860adb4c432ffa7db769836c64238fc34bdc3fec84d590"},
]

[[package]]
name = "attrs"
version = "24.2.0"
requires_python = ">=3.7"
summary = "Classes Without Boilerplate"
groups = ["default"]
dependencies = [
    "importlib-metadata; python_version < \"3.8\"",
]
files = [
    {file = "attrs-24.2.0-py3-none-any.whl", hash = "sha256:81921eb96de3191c8258c199618104dd27ac608d9366f5e35d011eae1867ede2"},
    {file = "attrs-24.2.0.tar.gz", hash = "sha256:5cfb1b9148b5b086569baec03f20d7b6bf3bcacc9a42bebf87ffaaca362f6346"},
]

[[package]]
name = "beautifulsoup4"
version = "4.15.0"
requires_python = ">=3.7.0"
summary = "Screen-scraping library"
groups = ["default"]
dependencies = [
    "soupsieve>=1.6.1",
    "typing-extensions>=4.0.0",
]
files = [
    {file = "beautifulsoup4-4.15.0-py3-none-any.whl", hash = "sha256:d6f88de62e1d4e38ecb1077eb9724cd0eff29d2a08ca16a401e9b9e93f117cf9"},
    {file = "beautifulsoup4-4.15.0.tar.gz", hash = "sha256:288e3ca7d54b06f2ac191970bc275c1939cb46d450b255bf6718b04aa37ab4f7"},
]

[[package]]
name = "boto3"
version = "1.35.28"
requires_python = ">=3.8"
summary = "The AWS SDK for Python"
groups = ["default"]
dependencies = [
    "botocore<1.36.0,>=1.35.28",
    "jmespath<2.0.0,>=0.7.1",
    "s3transfer<0.11.0,>=0.10.0",
]
files = [
    {file = "boto3-1.35.28-py3-none-any.whl", hash = "sha256:dc088b86a14f17d3cd2e96915c6ccfd31bce640dfe9180df579ed311bc6bf0fc"},
    {file = "boto3-1.35.28.tar.gz", hash = "sha256:8960fc458b9ba3c8a9890a607c31cee375db821f39aefaec9ff638248e81644a"},
]

[[package]]
name = "botocore"
version = "1.35.28"
requires_python = ">=3.8"
summary = "Low-level, data-driven core of boto 3."
groups = ["default"]
dependencies = [
    "jmespath<2.0.0,>=0.7.1",
    "python-dateutil<3.0.0,>=2.1",
    "urllib3!=2.2.0,<3,>=1.25.4; python_version >= \"3.10\"",
    "urllib3<1.27,>=1.25.4; python_version < \"3.10\"",
]
files = [
    {file = "botocore-1.35.28-py3-none-any.whl", hash = "sha256:b66c78f3d6379bd16f0362f07168fa7699cdda3921fc880047192d96f2c8c527"},
    {file = "botocore-1.35.28.tar.gz", hash = "sha256:115d13f2172d8e9fa92e8d913f0e80092b97624d190f46772ed2930d4a355d55"},
]

[[package]]
name = "certifi"
version = "2024.8.30"
requires_python = ">=3.6"
summary = "Python package for providing Mozilla's CA Bundle."
groups = ["default"]
files = [
    {file = "certifi-2024.8.30-py3-none-any.whl", hash = "sha256:922820b53db7a7257ffbda3f597266d435245903d80737e34f8a45ff3e3230d8"},
    {file = "certifi-2024.8.30.tar.gz", hash = "sha256:bec941d2aa8195e248a60b31ff9f0558284cf01a52591ceda73ea9afffd69fd9"},
]

[[package]]
name = "charset-normalizer"
version = "3.3.2"
requires_python = ">=3.7.0"
summary = "The Real First Universal Charset Detector. Open, modern and actively maintained alternative to Chardet."
groups = ["default"]
files = [
    {file = "charset-normalizer-3.3.2.tar.gz", hash = "sha256:f30c3cb33b24454a82faecaf01b19c18562b1e89558fb6c56de4d9118a032fd5"},
    {file = "charset_normalizer-3.3.2-cp312-cp312-macosx_10_9_universal2.whl", hash = "sha256:0b2b64d2bb6d3fb9112bafa732def486049e63de9618b5843bcdd081d8144cd8"},
    {file = "charset_normalizer-3.3.2-cp312-cp312-macosx_10_9_x86_64.whl", hash = "sha256:ddbb2551d7e0102e7252db79ba445cdab71b26640817ab1e3e3648dad515003b"},
    {file = "charset_normalizer-3.3.2-cp312-cp312-macosx_11_0_arm64.whl", hash = "sha256:55086ee1064215781fff39a1af09518bc9255b50d6333f2e4c74ca09fac6a8f6"},
    {file = "charset_normalizer-3.3.2-cp312-cp312-manylinux_2_17_aarch64.manylinux2014_aarch64.whl", hash = "sha256:8f4a014bc36d3c57402e2977dada34f9c12300af536839dc38c0beab8878f38a"},
    {file = "charset_normalizer-3.3.2-cp312-cp312-manylinux_2_17_ppc64le.manylinux2014_ppc64le.whl", hash = "sha256:a10af20b82360ab00827f916a6058451b723b4e65030c5a18577c8b2de5b3389"},
    {file = "charset_normalizer-3.3.2-cp312-cp312-manylinux_2_17_s390x.manylinux2014_s390x.whl", hash = "sha256:8d756e44e94489e49571086ef83b2bb8ce311e730092d2c34ca8f7d925cb20aa"},
    {file = "charset_normalizer-3.3.2-cp312-cp312-manylinux_2_17_x86_64.manylinux2014_x86_64.whl", hash = "sha256:90d558489962fd4918143277a773316e56c72da56ec7aa3dc3dbbe20fdfed15b"},
    {file = "charset_normalizer-3.3.2-cp312-cp312-manylinux_2_5_i686.manylinux1_i686.manylinux_2_17_i686.manylinux2014_i686.whl", hash = "sha256:6ac7ffc7ad6d040517be39eb591cac5ff87416c2537df6ba3cba3bae290c0fed"},
    {file = "charset_normalizer-3.3.2-cp312-cp312-musllinux_1_1_aarch64.whl", hash = "sha256:7ed9e526742851e8d5cc9e6cf41427dfc6068d4f5a3bb03659444b4cabf6bc26"},
    {file = "charset_normalizer-3.3.2-cp312-cp312-musllinux_1_1_i686.whl", hash = "sha256:8bdb58ff7ba23002a4c5808d608e4e6c687175724f54a5dade5fa8c67b604e4d"},
    {file = "charset_normalizer-3.3.2-cp312-cp312-musllinux_1_1_ppc64le.whl", hash = "sha256:6b3251890fff30ee142c44144871185dbe13b11bab478a88887a639655be1068"},
    {file = "charset_normalizer-3.3.2-cp312-cp312-musllinux_1_1_s390x.whl", hash = "sha256:b4a23f61ce87adf89be746c8a8974fe1c823c891d8f86eb218bb957c924bb143"},
    {file = "charset_normalizer-3.3.2-cp312-cp312-musllinux_1_1_x86_64.whl", hash = "sha256:efcb3f6676480691518c177e3b465bcddf57cea040302f9f4e6e191af91174d4"},
    {file = "charset_normalizer-3.3.2-cp312-cp312-win32.whl", hash = "sha256:d965bba47ddeec8cd560687584e88cf699fd28f192ceb452d1d7ee807c5597b7"},
    {file = "charset_normalizer-3.3.2-cp312-cp312-win_amd64.whl", hash = "sha256:96b02a3dc4381e5494fad39be677abcb5e6634bf7b4fa83a6dd3112607547001"},
    {file = "charset_normalizer-3.3.2-py3-none-any.whl", hash = "sha256:3e4d1f6587322d2788836a99c69062fbb091331ec940e02d12d179c1d53e25fc"},
]

[[package]]
name = "defusedxml"
version = "0.7.1"
requires_python = ">=2.7, !=3.0.*, !=3.1.*, !=3.2.*, !=3.3.*, !=3.4.*"
summary = "XML bomb protection for Python stdlib modules"
groups = ["default"]
files = [
    {file = "defusedxml-0.7.1-py2.py3-none-any.whl", hash = "sha256:a352e7e428770286cc899e2542b6cdaedb2b4953ff269a210103ec58f6198a61"},
    {file = "defusedxml-0.7.1.tar.gz", hash = "sha256:1bb3032db185915b62d7c6209c5a8792be6a32ab2fedacc84e01b52c51aa3e69"},
]

[[package]]
name = "dj-database-url"
version = "3.0.0"
summary = "Use Database URLs in your Django Application."
groups = ["default"]
dependencies = [
    "Django>=4.2",
    "typing-extensions>=4.0.0",
]
files = [
    {file = "dj_database_url-3.0.0-py3-none-any.whl", hash = "sha256:cbb84b2e3f372460b1e43692bf9fdc0c32e78930ee101db470cba56105fca1e5"},
    {file = "dj_database_url-3.0.0.tar.gz", hash = "sha256:749a7a42d88d6c741c1d2f4ab24c2ae0d5cd12f00f2d1d55ff9f5fadabe8a2c3"},
]

[[package]]
name = "django"
version = "5.2.3"
requires_python = ">=3.10"
summary = "A high-level Python web framework that encourages rapid development and clean, pragmatic design."
groups = ["default"]
dependencies = [
    "asgiref>=3.8.1",
    "sqlparse>=0.3.1",
    "tzdata; sys_platform == \"win32\"",
]
files = [
    {file = "django-5.2.3-py3-none-any.whl", hash = "sha256:c517a6334e0fd940066aa9467b29401b93c37cec2e61365d663b80922542069d"},
    {file = "django-5.2.3.tar.gz", hash = "sha256:335213277666ab2c5cac44a792a6d2f3d58eb79a80c14b6b160cd4afc3b75684"},
]

[[package]]
name = "django-bakery"
version = "0.13.4"
summary = "A set of helpers for baking your Django site out as flat files"
groups = ["default"]
dependencies = [
    "boto3>=1.4.4",
    "fs>=2.0.17",
    "six>1.5.2",
]
files = [
    {file = "django_bakery-0.13.4-py2.py3-none-any.whl", hash = "sha256:8308bbc9a03f92732ef56118364d46bf67fff66519243ef1120cf6e19f652bbe"},
    {file = "django_bakery-0.13.4.tar.gz", hash = "sha256:cf63dabcf8cf16fbda48629a3c2fe4dc635f2549d6f32d9864dc503ed309c08b"},
]

[[package]]
name = "django-filter"
version = "24.3"
requires_python = ">=3.8"
summary = "Django-filter is a reusable Django application for allowing users to filter querysets dynamically."
groups = ["default"]
dependencies = [
    "Django>=4.2",
]
files = [
    {file = "django_filter-24.3-py3-none-any.whl", hash = "sha256:c4852822928ce17fb699bcfccd644b3574f1a2d80aeb2b4ff4f16b02dd49dc64"},
    {file = "django_filter-24.3.tar.gz", hash = "sha256:d8ccaf6732afd21ca0542f6733b11591030fa98669f8d15599b358e24a2cd9c3"},
]

[[package]]
name = "django-modelcluster"
version = "6.5"
requires_python = ">=3.10"
summary = "Django extension to allow working with 'clusters' of models as a single unit, independently of the database"
groups = ["default"]
dependencies = [
    "django>=4.2",
]
files = [
    {file = "django_modelcluster-6.5-py3-none-any.whl", hash = "sha256:469b380a294027d5211d0e5d5746e0381f445b058d2229977a58fe0f1c58a596"},
    {file = "django_modelcluster-6.5.tar.gz", hash = "sha256:459cbf0fb3bbc8c15ea9a2a062abc0d1ef935a38e04aa8ac3cb241c826bbc6dd"},
]

[[package]]
name = "django-permissionedforms"
version = "0.1"
requires_python = ">=3.7"
summary = "Django extension for creating forms that vary according to user permissions"
groups = ["default"]
dependencies = [
    "Django",
]
files = [
    {file = "django-permissionedforms-0.1.tar.gz", hash = "sha256:4340bb20c4477fffb13b4cc5cccf9f1b1010b64f79956c291c72d2ad2ed243f8"},
    {file = "django_permissionedforms-0.1-py2.py3-none-any.whl", hash = "sha256:d341a961a27cc77fde8cc42141c6ab55cc1f0cb886963cc2d6967b9674fa47d6"},
]

[[package]]
name = "django-stubs-ext"
version = "5.2.1"
requires_python = ">=3.10"
summary = "Monkey-patching and extensions for django-stubs"
groups = ["default"]
dependencies = [
    "django",
    "typing-extensions",
]
files = [
    {file = "django_stubs_ext-5.2.1-py3-none-any.whl", hash = "sha256:98fb0646f1a1ef07708eec5f6f7d27523f12c0c8714abae8db981571ff957588"},
    {file = "django_stubs_ext-5.2.1.tar.gz", hash = "sha256:fc0582cb3289306c43ce4a0a15af86922ce1dbec3c19eab80980ee70c04e0392"},
]

[[package]]
name = "django-taggit"
version = "5.0.1"
requires_python = ">=3.8"
summary = "django-taggit is a reusable Django application for simple tagging."
groups = ["default"]
dependencies = [
    "Django>=4.1",
]
files = [
    {file = "django-taggit-5.0.1.tar.gz", hash = "sha256:edcd7db1e0f35c304e082a2f631ddac2e16ef5296029524eb792af7430cab4cc"},
    {file = "django_taggit-5.0.1-py3-none-any.whl", hash = "sha256:a0ca8a28b03c4b26c2630fd762cb76ec39b5e41abf727a7b66f897a625c5e647"},
]

[[package]]
name = "django-tasks"
version = "0.12.0"
requires_python = ">=3.10"
summary = "A backport of Django's built in Tasks framework"
groups = ["default"]
dependencies = [
    "Django>=4.2",
    "django-stubs-ext",
    "typing-extensions",
]
files = [
    {file = "django_tasks-0.12.0-py3-none-any.whl", hash = "sha256:ffcc1d7bdfad3bc5ef9c2d498596c6546484c9ec6b182fb9709c691eb66a8709"},
    {file = "django_tasks-0.12.0.tar.gz", hash = "sha256:58be66c1e487da32a3ce7320bd1949d0d1dc381b9004819f92591eb37fb2c1b8"},
]

[[package]]
name = "django-treebeard"
version = "5.3.0"
requires_python = ">=3.10"
summary = "Efficient tree implementations for Django"
groups = ["default"]
dependencies = [
    "django>=5.2",
]
files = [
    {file = "django_treebeard-5.3.0-py3-none-any.whl", hash = "sha256:ae9e570fa74b4c882bc08def1f0c97d27f163b6285a19f3383027d074882e9f4"},
    {file = "django_treebeard-5.3.0.tar.gz", hash = "sha256:8606cefd3a65689e99d2a493e5af8a8ece450b96915c949b5c72f6f302cfbe19"},
]

[[package]]
name = "djangorestframework"
version = "3.15.2"
requires_python = ">=3.8"
summary = "Web APIs for Django, made easy."
groups = ["default"]
dependencies = [
    "backports-zoneinfo; python_version < \"3.9\"",
    "django>=4.2",
]
files = [
    {file = "djangorestframework-3.15.2-py3-none-any.whl", hash = "sha256:2b8871b062ba1aefc2de01f773875441a961fefbf79f5eed1e32b2f096944b20"},
    {file = "djangorestframework-3.15.2.tar.gz", hash = "sha256:36fe88cd2d6c6bec23dca9804bab2ba5517a8bb9d8f47ebc68981b56840107ad"},
]

[[package]]
name = "draftjs-exporter"
version = "5.0.0"
summary = "Library to convert rich text from Draft.js raw ContentState to HTML"
groups = ["default"]
files = [
    {file = "draftjs_exporter-5.0.0-py3-none-any.whl", hash = "sha256:8cb9d2d51284233decfe274802f1c53e257158c62b9f53ed2399de3fa80ac561"},
    {file = "draftjs_exporter-5.0.0.tar.gz", hash = "sha256:2efee45d4bb4c0aaacc3e5ea2983a29a29381e02037f3f92a6b12706d7b87e1e"},
]

[[package]]
name = "et-xmlfile"
version = "1.1.0"
requires_python = ">=3.6"
summary = "An implementation of lxml.xmlfile for the standard library"
groups = ["default"]
files = [
    {file = "et_xmlfile-1.1.0-py3-none-any.whl", hash = "sha256:a2ba85d1d6a74ef63837eed693bcb89c3f752169b0e3e7ae5b16ca5e1b3deada"},
    {file = "et_xmlfile-1.1.0.tar.gz", hash = "sha256:8eb9e2bc2f8c97e37a2dc85a09ecdcdec9d8a396530a6d5a33b30b9a92da0c5c"},
]

[[package]]
name = "filetype"
version = "1.2.0"
summary = "Infer file type and MIME type of any file/buffer. No external dependencies."
groups = ["default"]
files = [
    {file = "filetype-1.2.0-py2.py3-none-any.whl", hash = "sha256:7ce71b6880181241cf7ac8697a2f1eb6a8bd9b429f7ad6d27b8db9ba5f1c2d25"},
    {file = "filetype-1.2.0.tar.gz", hash = "sha256:66b56cd6474bf41d8c54660347d37afcc3f7d1970648de365c102ef77548aadb"},
]

[[package]]
name = "fs"
version = "2.4.16"
summary = "Python's filesystem abstraction layer"
groups = ["default"]
dependencies = [
    "appdirs~=1.4.3",
    "backports-os~=0.1; python_version < \"3.0\"",
    "enum34~=1.1.6; python_version < \"3.4\"",
    "setuptools",
    "six~=1.10",
    "typing~=3.6; python_version < \"3.6\"",
]
files = [
    {file = "fs-2.4.16-py2.py3-none-any.whl", hash = "sha256:660064febbccda264ae0b6bace80a8d1be9e089e0a5eb2427b7d517f9a91545c"},
    {file = "fs-2.4.16.tar.gz", hash = "sha256:ae97c7d51213f4b70b6a958292530289090de3a7e15841e108fbe144f069d313"},
]

[[package]]
name = "gunicorn"
version = "23.0.0"
requires_python = ">=3.7"
summary = "WSGI HTTP Server for UNIX"
groups = ["default"]
dependencies = [
    "importlib-metadata; python_version < \"3.8\"",
    "packaging",
]
files = [
    {file = "gunicorn-23.0.0-py3-none-any.whl", hash = "sha256:ec400d38950de4dfd418cff8328b2c8faed0edb0d517d3394e457c317908ca4d"},
    {file = "gunicorn-23.0.0.tar.gz", hash = "sha256:f014447a0101dc57e294f6c18ca6b40227a4c90e9bdb586042628030cba004ec"},
]

[[package]]
name = "ics"
version = "0.8.0.dev0"
requires_python = ">=3.8"
git = "https://github.com/ics-py/ics-py.git"
ref = "main"
revision = "3b7d07295f60a5d607ee0fa3a552c252f9e163f0"
summary = "Pythonic iCalendar (RFC 5545) Parser"
groups = ["default"]
dependencies = [
    "attrs>=20.3",
    "ics-vtimezones>=2020.1",
    "python-dateutil>=2.8",
]

[[package]]
name = "ics-vtimezones"
version = "2020.2"
requires_python = ">=3.7,<4.0"
summary = "iCalendar vTimezone Data"
groups = ["default"]
dependencies = [
    "importlib-resources>=1.4",
]
files = [
    {file = "ics_vtimezones-2020.2-py3-none-any.whl", hash = "sha256:e26de1a7e732b53f23bce88431ce6b2db59d03aad72f47d5785bfa3f56cdf118"},
    {file = "ics_vtimezones-2020.2.tar.gz", hash = "sha256:ee02fb3bb7df7e2e60ea11ad07ca30d3fee4d40929ae496651f76b76dc1cac73"},
]

[[package]]
name = "idna"
version = "3.10"
requires_python = ">=3.6"
summary = "Internationalized Domain Names in Applications (IDNA)"
groups = ["default"]
files = [
    {file = "idna-3.10-py3-none-any.whl", hash = "sha256:946d195a0d259cbba61165e88e65941f16e9b36ea6ddb97f00452bae8b1287d3"},
    {file = "idna-3.10.tar.gz", hash = "sha256:12f65c9b470abda6dc35cf8e63cc574b1c52b11df2c86030af0ac09b01b13ea9"},
]

[[package]]
name = "importlib-resources"
version = "6.4.5"
requires_python = ">=3.8"
summary = "Read resources from Python packages"
groups = ["default"]
dependencies = [
    "zipp>=3.1.0; python_version < \"3.10\"",
]
files = [
    {file = "importlib_resources-6.4.5-py3-none-any.whl", hash = "sha256:ac29d5f956f01d5e4bb63102a5a19957f1b9175e45649977264a1416783bb717"},
    {file = "importlib_resources-6.4.5.tar.gz", hash = "sha256:980862a1d16c9e147a59603677fa2aa5fd82b87f223b6cb870695bcfce830065"},
]

[[package]]
name = "jmespath"
version = "1.0.1"
requires_python = ">=3.7"
summary = "JSON Matching Expressions"
groups = ["default"]
files = [
    {file = "jmespath-1.0.1-py3-none-any.whl", hash = "sha256:02e2e4cc71b5bcab88332eebf907519190dd9e6e82107fa7f83b1003a6252980"},
    {file = "jmespath-1.0.1.tar.gz", hash = "sha256:90261b206d6defd58fdd5e85f478bf633a2901798906be2ad389150c5c60edbe"},
]

[[package]]
name = "laces"
version = "0.1.1"
requires_python = ">=3.8"
summary = "Django components that know how to render themselves."
groups = ["default"]
dependencies = [
    "Django>=3.2",
]
files = [
    {file = "laces-0.1.1-py3-none-any.whl", hash = "sha256:ae2c575b9aaa46154e5518c61c9f86f5a9478f753a51e9c5547c7d275d361242"},
    {file = "laces-0.1.1.tar.gz", hash = "sha256:e45159c46f6adca33010d34e9af869e57201b70675c6dc088e919b16c89456a4"},
]

[[package]]
name = "modelsearch"
version = "1.3.1"
requires_python = ">=3.10"
summary = "A library for indexing Django models with Elasicsearch, OpenSearch or database and searching them with the Django ORM."
groups = ["default"]
dependencies = [
    "Django>=4.2",
    "django-tasks<0.13,>=0.7",
]
files = [
    {file = "modelsearch-1.3.1-py3-none-any.whl", hash = "sha256:a92847f01788d0d615e8715fabb8e823029288840297fb9e7235ee03ad49b6a8"},
    {file = "modelsearch-1.3.1.tar.gz", hash = "sha256:f3b2e304dbef9f7c838423f591cfe0c60f4cef584bae8793d2aa8ac35a3c46e0"},
]

[[package]]
name = "openpyxl"
version = "3.1.5"
requires_python = ">=3.8"
summary = "A Python library to read/write Excel 2010 xlsx/xlsm files"
groups = ["default"]
dependencies = [
    "et-xmlfile",
]
files = [
    {file = "openpyxl-3.1.5-py2.py3-none-any.whl", hash = "sha256:5282c12b107bffeef825f4617dc029afaf41d0ea60823bbb665ef3079dc79de2"},
    {file = "openpyxl-3.1.5.tar.gz", hash = "sha256:cf0e3cf56142039133628b5acffe8ef0c12bc902d2aadd3e0fe5878dc08d1050"},
]

[[package]]
name = "packaging"
version = "24.1"
requires_python = ">=3.8"
summary = "Core utilities for Python packages"
groups = ["default"]
files = [
    {file = "packaging-24.1-py3-none-any.whl", hash = "sha256:5b8f2217dbdbd2f7f384c41c628544e6d52f2d0f53c6d0c3ea61aa5d1d7ff124"},
    {file = "packaging-24.1.tar.gz", hash = "sha256:026ed72c8ed3fcce5bf8950572258698927fd1dbda10a5e981cdf0ac37f4f002"},
]

[[package]]
name = "pillow"
version = "11.2.1"
requires_python = ">=3.9"
summary = "Python Imaging Library (Fork)"
groups = ["default"]
files = [
    {file = "pillow-11.2.1-cp312-cp312-macosx_10_13_x86_64.whl", hash = "sha256:78afba22027b4accef10dbd5eed84425930ba41b3ea0a86fa8d20baaf19d807f"},
    {file = "pillow-11.2.1-cp312-cp312-macosx_11_0_arm64.whl", hash = "sha256:78092232a4ab376a35d68c4e6d5e00dfd73454bd12b230420025fbe178ee3b0b"},
    {file = "pillow-11.2.1-cp312-cp312-manylinux_2_17_aarch64.manylinux2014_aarch64.whl", hash = "sha256:25a5f306095c6780c52e6bbb6109624b95c5b18e40aab1c3041da3e9e0cd3e2d"},
    {file = "pillow-11.2.1-cp312-cp312-manylinux_2_17_x86_64.manylinux2014_x86_64.whl", hash = "sha256:0c7b29dbd4281923a2bfe562acb734cee96bbb129e96e6972d315ed9f232bef4"},
    {file = "pillow-11.2.1-cp312-cp312-manylinux_2_28_aarch64.whl", hash = "sha256:3e645b020f3209a0181a418bffe7b4a93171eef6c4ef6cc20980b30bebf17b7d"},
    {file = "pillow-11.2.1-cp312-cp312-manylinux_2_28_x86_64.whl", hash = "sha256:b2dbea1012ccb784a65349f57bbc93730b96e85b42e9bf7b01ef40443db720b4"},
    {file = "pillow-11.2.1-cp312-cp312-musllinux_1_2_aarch64.whl", hash = "sha256:da3104c57bbd72948d75f6a9389e6727d2ab6333c3617f0a89d72d4940aa0443"},
    {file = "pillow-11.2.1-cp312-cp312-musllinux_1_2_x86_64.whl", hash = "sha256:598174aef4589af795f66f9caab87ba4ff860ce08cd5bb447c6fc553ffee603c"},
    {file = "pillow-11.2.1-cp312-cp312-win32.whl", hash = "sha256:1d535df14716e7f8776b9e7fee118576d65572b4aad3ed639be9e4fa88a1cad3"},
    {file = "pillow-11.2.1-cp312-cp312-win_amd64.whl", hash = "sha256:14e33b28bf17c7a38eede290f77db7c664e4eb01f7869e37fa98a5aa95978941"},
    {file = "pillow-11.2.1-cp312-cp312-win_arm64.whl", hash = "sha256:21e1470ac9e5739ff880c211fc3af01e3ae505859392bf65458c224d0bf283eb"},
    {file = "pillow-11.2.1-cp313-cp313-macosx_10_13_x86_64.whl", hash = "sha256:fdec757fea0b793056419bca3e9932eb2b0ceec90ef4813ea4c1e072c389eb28"},
    {file = "pillow-11.2.1-cp313-cp313-macosx_11_0_arm64.whl", hash = "sha256:b0e130705d568e2f43a17bcbe74d90958e8a16263868a12c3e0d9c8162690830"},
    {file = "pillow-11.2.1-cp313-cp313-manylinux_2_17_aarch64.manylinux2014_aarch64.whl", hash = "sha256:7bdb5e09068332578214cadd9c05e3d64d99e0e87591be22a324bdbc18925be0"},
    {file = "pillow-11.2.1-cp313-cp313-manylinux_2_17_x86_64.manylinux2014_x86_64.whl", hash = "sha256:d189ba1bebfbc0c0e529159631ec72bb9e9bc041f01ec6d3233d6d82eb823bc1"},
    {file = "pillow-11.2.1-cp313-cp313-manylinux_2_28_aarch64.whl", hash = "sha256:191955c55d8a712fab8934a42bfefbf99dd0b5875078240943f913bb66d46d9f"},
    {file = "pillow-11.2.1-cp313-cp313-manylinux_2_28_x86_64.whl", hash = "sha256:ad275964d52e2243430472fc5d2c2334b4fc3ff9c16cb0a19254e25efa03a155"},
    {file = "pillow-11.2.1-cp313-cp313-musllinux_1_2_aarch64.whl", hash = "sha256:750f96efe0597382660d8b53e90dd1dd44568a8edb51cb7f9d5d918b80d4de14"},
    {file = "pillow-11.2.1-cp313-cp313-musllinux_1_2_x86_64.whl", hash = "sha256:fe15238d3798788d00716637b3d4e7bb6bde18b26e5d08335a96e88564a36b6b"},
    {file = "pillow-11.2.1-cp313-cp313-win32.whl", hash = "sha256:3fe735ced9a607fee4f481423a9c36701a39719252a9bb251679635f99d0f7d2"},
    {file = "pillow-11.2.1-cp313-cp313-win_amd64.whl", hash = "sha256:74ee3d7ecb3f3c05459ba95eed5efa28d6092d751ce9bf20e3e253a4e497e691"},
    {file = "pillow-11.2.1-cp313-cp313-win_arm64.whl", hash = "sha256:5119225c622403afb4b44bad4c1ca6c1f98eed79db8d3bc6e4e160fc6339d66c"},
    {file = "pillow-11.2.1-cp313-cp313t-macosx_10_13_x86_64.whl", hash = "sha256:8ce2e8411c7aaef53e6bb29fe98f28cd4fbd9a1d9be2eeea434331aac0536b22"},
    {file = "pillow-11.2.1-cp313-cp313t-macosx_11_0_arm64.whl", hash = "sha256:9ee66787e095127116d91dea2143db65c7bb1e232f617aa5957c0d9d2a3f23a7"},
    {file = "pillow-11.2.1-cp313-cp313t-manylinux_2_17_aarch64.manylinux2014_aarch64.whl", hash = "sha256:9622e3b6c1d8b551b6e6f21873bdcc55762b4b2126633014cea1803368a9aa16"},
    {file = "pillow-11.2.1-cp313-cp313t-manylinux_2_17_x86_64.manylinux2014_x86_64.whl", hash = "sha256:63b5dff3a68f371ea06025a1a6966c9a1e1ee452fc8020c2cd0ea41b83e9037b"},
    {file = "pillow-11.2.1-cp313-cp313t-manylinux_2_28_aarch64.whl", hash = "sha256:31df6e2d3d8fc99f993fd253e97fae451a8db2e7207acf97859732273e108406"},
    {file = "pillow-11.2.1-cp313-cp313t-manylinux_2_28_x86_64.whl", hash = "sha256:062b7a42d672c45a70fa1f8b43d1d38ff76b63421cbbe7f88146b39e8a558d91"},
    {file = "pillow-11.2.1-cp313-cp313t-musllinux_1_2_aarch64.whl", hash = "sha256:4eb92eca2711ef8be42fd3f67533765d9fd043b8c80db204f16c8ea62ee1a751"},
    {file = "pillow-11.2.1-cp313-cp313t-musllinux_1_2_x86_64.whl", hash = "sha256:f91ebf30830a48c825590aede79376cb40f110b387c17ee9bd59932c961044f9"},
    {file = "pillow-11.2.1-cp313-cp313t-win32.whl", hash = "sha256:e0b55f27f584ed623221cfe995c912c61606be8513bfa0e07d2c674b4516d9dd"},
    {file = "pillow-11.2.1-cp313-cp313t-win_amd64.whl", hash = "sha256:36d6b82164c39ce5482f649b437382c0fb2395eabc1e2b1702a6deb8ad647d6e"},
    {file = "pillow-11.2.1-cp313-cp313t-win_arm64.whl", hash = "sha256:225c832a13326e34f212d2072982bb1adb210e0cc0b153e688743018c94a2681"},
    {file = "pillow-11.2.1.tar.gz", hash = "sha256:a64dd61998416367b7ef979b73d3a85853ba9bec4c2925f74e588879a58716b6"},
]

[[package]]
name = "pillow-heif"
version = "1.4.0"
requires_python = ">=3.10"
summary = "Python interface for libheif library"
groups = ["default"]
dependencies = [
    "pillow>=11.1.0",
]
files = [
    {file = "pillow_heif-1.4.0-cp312-cp312-macosx_10_15_x86_64.whl", hash = "sha256:5c6181fb25c7d28f98702160b98967d1d7d432d71decac9351f5a47ee33554e0"},
    {file = "pillow_heif-1.4.0-cp312-cp312-macosx_11_0_arm64.whl", hash = "sha256:ade286eeadb361773604e294f98c4a1b64b577aca271faa6971e2fbd018918c7"},
    {file = "pillow_heif-1.4.0-cp312-cp312-manylinux_2_26_aarch64.manylinux_2_28_aarch64.whl", hash = "sha256:972c68fae8379c158aad222defa8b8f10c858a5f7f9cc99942f34b9667a516cd"},
    {file = "pillow_heif-1.4.0-cp312-cp312-manylinux_2_27_x86_64.manylinux_2_28_x86_64.whl", hash = "sha256:cfcd611a09dbb949715d5f25063bd3668e0daa06b53a3ed5bbd92d36b4f6b2a9"},
    {file = "pillow_heif-1.4.0-cp312-cp312-musllinux_1_2_aarch64.whl", hash = "sha256:08026afd5f90628e029fe88aaa222280428ba7cc485a7cae553e78f7bb289b74"},
    {file = "pillow_heif-1.4.0-cp312-cp312-musllinux_1_2_x86_64.whl", hash = "sha256:c8d001996e3a4687551385c2fe4d3fb84293727052fca1c0f50528c78b8327c7"},
    {file = "pillow_heif-1.4.0-cp312-cp312-win_amd64.whl", hash = "sha256:107d598a1b1694ba6f371927ffd6d72d6f9af2ca4082577d9edbfdeed465f940"},
    {file = "pillow_heif-1.4.0-cp313-cp313-macosx_10_15_x86_64.whl", hash = "sha256:c699f8a3e845839bba590d3459ce59dba16c82c38e799955bef7042c54443eba"},
    {file = "pillow_heif-1.4.0-cp313-cp313-macosx_11_0_arm64.whl", hash = "sha256:8f90b500ec1ae3a59d6613fd96123de35457f69fb9b3cd314d4b5a6799ba9843"},
    {file = "pillow_heif-1.4.0-cp313-cp313-manylinux_2_26_aarch64.manylinux_2_28_aarch64.whl", hash = "sha256:d6d907f454afa1958a688902e53f50ed7a98c8cbd6261d20f84b15e25f068020"},
    {file = "pillow_heif-1.4.0-cp313-cp313-manylinux_2_27_x86_64.manylinux_2_28_x86_64.whl", hash = "sha256:be955358e501ab03cd83331a49d331c16b8ea1a4f5751d46c24e6b28d8aa6a56"},
    {file = "pillow_heif-1.4.0-cp313-cp313-musllinux_1_2_aarch64.whl", hash = "sha256:1207b6b0819654262811a0cb74730cca1ced1ab7786a0fcd92f55b84ca07a05c"},
    {file = "pillow_heif-1.4.0-cp313-cp313-musllinux_1_2_x86_64.whl", hash = "sha256:cdd3ebd552b50d0221bf525e033fbe3e83130b05c81bfd53d50ed4eafbb77a7c"},
    {file = "pillow_heif-1.4.0-cp313-cp313-win_amd64.whl", hash = "sha256:19a2d9bd52b1f6dabed5305b8b5c4962b2bf7c21e8195c909e9425e4ca8ebf72"},
    {file = "pillow_heif-1.4.0-cp314-cp314-macosx_10_15_x86_64.whl", hash = "sha256:4849dfceeec19d12c819bd12e138f91f1aa181eb2fd21231644bda91d2d0b292"},
    {file = "pillow_heif-1.4.0-cp314-cp314-macosx_11_0_arm64.whl", hash = "sha256:d9d05477d67b3d63d601254ddca6b1e1943b0f5e5934cb5ed123c9b89e0fc60d"},
    {file = "pillow_heif-1.4.0-cp314-cp314-manylinux_2_26_aarch64.manylinux_2_28_aarch64.whl", hash = "sha256:93de4bdb496c5f509911b57b057c16ec1ed10f3617b87f03f7f152745758691b"},
    {file = "pillow_heif-1.4.0-cp314-cp314-manylinux_2_27_x86_64.manylinux_2_28_x86_64.whl", hash = "sha256:6789fc4fe9ffa7beafcf0e287ea355de3a3c0c84e3adfabbbfdf8b46b83f223a"},
    {file = "pillow_heif-1.4.0-cp314-cp314-musllinux_1_2_aarch64.whl", hash = "sha256:b31a152471c757eb02b71c9944a5973b818a21dea7980bfc57fe13945d051326"},
    {file = "pillow_heif-1.4.0-cp314-cp314-musllinux_1_2_x86_64.whl", hash = "sha256:a3debca82964ba4080277620601f274a8c9d509d52fd3e1faacb314dc0678ee4"},
    {file = "pillow_heif-1.4.0-cp314-cp314-win_amd64.whl", hash = "sha256:4bd30446e025e682ac1450446e0b9a9a06efc27b5417c81b18d26aa40b97cd70"},
    {file = "pillow_heif-1.4.0-cp314-cp314t-macosx_10_15_x86_64.whl", hash = "sha256:9299b4e6cfa3d49c0495680011d224db69e41687c0e2de81a38ea6c39276e15b"},
    {file = "pillow_heif-1.4.0-cp314-cp314t-macosx_11_0_arm64.whl", hash = "sha256:6b772360a412df897ed59d56d2ef30d52b6cce7c3f7b8b170a9578deb311953b"},
    {file = "pillow_heif-1.4.0-cp314-cp314t-manylinux_2_26_aarch64.manylinux_2_28_aarch64.whl", hash = "sha256:ffbed970ea96485f96874604d3df298c06e89475dea09c217b8b901cc7ed7d1a"},
    {file = "pillow_heif-1.4.0-cp314-cp314t-manylinux_2_27_x86_64.manylinux_2_28_x86_64.whl", hash = "sha256:f75faab30c0b1f20d266e0c8a1a746f7aa56694baf3fd5cc4d86f2f242bb58de"},
    {file = "pillow_heif-1.4.0-cp314-cp314t-musllinux_1_2_aarch64.whl", hash = "sha256:500bc4ea048ed8f2e7167451737539c2763c2d157357d1706024b2a9e6910c61"},
    {file = "pillow_heif-1.4.0-cp314-cp314t-musllinux_1_2_x86_64.whl", hash = "sha256:387b16e826ec29ab31101f257f362ed33e9b6aecec77d4f7d19caeb33fed0f1a"},
    {file = "pillow_heif-1.4.0-cp314-cp314t-win_amd64.whl", hash = "sha256:84f138c31d34a8bab5ffa07ffbcf9b865b8ad34e6c495dcb6e01fb29574e218d"},
    {file = "pillow_heif-1.4.0.tar.gz", hash = "sha256:55a7c0cb5321538d1ca74037be54b48d147017735a766eb29bcca4761253a1f1"},
]

[[package]]
name = "python-dateutil"
version = "2.9.0.post0"
requires_python = "!=3.0.*,!=3.1.*,!=3.2.*,>=2.7"
summary = "Extensions to the standard Python datetime module"
groups = ["default"]
dependencies = [
    "six>=1.5",
]
files = [
    {file = "python-dateutil-2.9.0.post0.tar.gz", hash = "sha256:37dd54208da7e1cd875388217d5e00ebd4179249f90fb72437e91a35459a0ad3"},
    {file = "python_dateutil-2.9.0.post0-py2.py3-none-any.whl", hash = "sha256:a8b2bc7bffae282281c8140a97d3aa9c14da0b136dfe83f850eea9a5f7470427"},
]

[[package]]
name = "requests"
version = "2.32.3"
requires_python = ">=3.8"
summary = "Python HTTP for Humans."
groups = ["default"]
dependencies = [
    "certifi>=2017.4.17",
    "charset-normalizer<4,>=2",
    "idna<4,>=2.5",
    "urllib3<3,>=1.21.1",
]
files = [
    {file = "requests-2.32.3-py3-none-any.whl", hash = "sha256:70761cfe03c773ceb22aa2f671b4757976145175cdfca038c02654d061d6dcc6"},
    {file = "requests-2.32.3.tar.gz", hash = "sha256:55365417734eb18255590a9ff9eb97e9e1da868d4ccd6402399eaf68af20a760"},
]

[[package]]
name = "s3transfer"
version = "0.10.2"
requires_python = ">=3.8"
summary = "An Amazon S3 Transfer Manager"
groups = ["default"]
dependencies = [
    "botocore<2.0a.0,>=1.33.2",
]
files = [
    {file = "s3transfer-0.10.2-py3-none-any.whl", hash = "sha256:eca1c20de70a39daee580aef4986996620f365c4e0fda6a86100231d62f1bf69"},
    {file = "s3transfer-0.10.2.tar.gz", hash = "sha256:0711534e9356d3cc692fdde846b4a1e4b0cb6519971860796e6bc4c7aea00ef6"},
]

[[package]]
name = "setuptools"
version = "75.1.0"
requires_python = ">=3.8"
summary = "Easily download, build, install, upgrade, and uninstall Python packages"
groups = ["default"]
files = [
    {file = "setuptools-75.1.0-py3-none-any.whl", hash = "sha256:35ab7fd3bcd95e6b7fd704e4a1539513edad446c097797f2985e0e4b960772f2"},
    {file = "setuptools-75.1.0.tar.gz", hash = "sha256:d59a21b17a275fb872a9c3dae73963160ae079f1049ed956880cd7c09b120538"},
]

[[package]]
name = "six"
version = "1.16.0"
requires_python = ">=2.7, !=3.0.*, !=3.1.*, !=3.2.*"
summary = "Python 2 and 3 compatibility utilities"
groups = ["default"]
files = [
    {file = "six-1.16.0-py2.py3-none-any.whl", hash = "sha256:8abb2f1d86890a2dfb989f9a77cfcfd3e47c2a354b01111771326f8aa26e0254"},
    {file = "six-1.16.0.tar.gz", hash = "sha256:1e61c37477a1626458e36f7b1d82aa5c9b094fa4802892072e49de9c60c4c926"},
]

[[package]]
name = "soupsieve"
version = "2.6"
requires_python = ">=3.8"
summary = "A modern CSS selector implementation for Beautiful Soup."
groups = ["default"]
files = [
    {file = "soupsieve-2.6-py3-none-any.whl", hash = "sha256:e72c4ff06e4fb6e4b5a9f0f55fe6e81514581fca1515028625d0f299c602ccc9"},
    {file = "soupsieve-2.6.tar.gz", hash = "sha256:e2e68417777af359ec65daac1057404a3c8a5455bb8abc36f1a9866ab1a51abb"},
]

[[package]]
name = "sqlparse"
version = "0.5.1"
requires_python = ">=3.8"
summary = "A non-validating SQL parser."
groups = ["default"]
files = [
    {file = "sqlparse-0.5.1-py3-none-any.whl", hash = "sha256:773dcbf9a5ab44a090f3441e2180efe2560220203dc2f8c0b0fa141e18b505e4"},
    {file = "sqlparse-0.5.1.tar.gz", hash = "sha256:bb6b4df465655ef332548e24f08e205afc81b9ab86cb1c45657a7ff173a3a00e"},
]

[[package]]
name = "telepath"
version = "0.3.1"
requires_python = ">=3.8"
summary = "A library for exchanging data between Python and JavaScript"
groups = ["default"]
files = [
    {file = "telepath-0.3.1.tar.gz", hash = "sha256:925c0609e0a8a6488ec4a55b19d485882cf72223b2b19fe2359a50fddd813c9c"},
]

[[package]]
name = "typing-extensions"
version = "4.14.0"
requires_python = ">=3.9"
summary = "Backported and Experimental Type Hints for Python 3.9+"
groups = ["default"]
files = [
    {file = "typing_extensions-4.14.0-py3-none-any.whl", hash = "sha256:a1514509136dd0b477638fc68d6a91497af5076466ad0fa6c338e44e359944af"},
    {file = "typing_extensions-4.14.0.tar.gz", hash = "sha256:8676b788e32f02ab42d9e7c61324048ae4c6d844a399eebace3d4979d75ceef4"},
]

[[package]]
name = "tzdata"
version = "2024.2"
requires_python = ">=2"
summary = "Provider of IANA time zone data"
groups = ["default"]
marker = "sys_platform == \"win32\""
files = [
    {file = "tzdata-2024.2-py2.py3-none-any.whl", hash = "sha256:a48093786cdcde33cad18c2555e8532f34422074448fbc874186f0abd79565cd"},
    {file = "tzdata-2024.2.tar.gz", hash = "sha256:7d85cc416e9382e69095b7bdf4afd9e3880418a2413feec7069d533d6b4e31cc"},
]

[[package]]
name = "urllib3"
version = "2.2.3"
requires_python = ">=3.8"
summary = "HTTP library with thread-safe connection pooling, file post, and more."
groups = ["default"]
files = [
    {file = "urllib3-2.2.3-py3-none-any.whl", hash = "sha256:ca899ca043dcb1bafa3e262d73aa25c465bfb49e0bd9dd5d59f1d0acba2f8fac"},
    {file = "urllib3-2.2.3.tar.gz", hash = "sha256:e7d814a81dad81e6caf2ec9fdedb284ecc9c73076b62654547cc64ccdcae26e9"},
]

[[package]]
name = "wagtail"
version = "7.4.2"
requires_python = ">=3.10"
summary = "A Django content management system."
groups = ["default"]
dependencies = [
    "Django>=5.2",
    "Pillow>=9.1.0",
    "Willow[heif]<2,>=1.11.0",
    "anyascii>=0.1.5",
    "beautifulsoup4<5,>=4.13.3",
    "django-filter>=23.3",
    "django-modelcluster<7.0,>=6.5",
    "django-permissionedforms<1.0,>=0.1",
    "django-taggit<7,>=5.0",
    "django-tasks<0.13,>=0.9",
    "django-treebeard<6.0,>=4.8",
    "djangorestframework<4.0,>=3.15.1",
    "draftjs-exporter<6.0,>=2.1.5",
    "laces<0.2,>=0.1",
    "modelsearch<1.4,>=1.3",
    "openpyxl<4.0,>=3.0.10",
    "requests<3.0,>=2.11.1",
    "telepath<1,>=0.3.1",
]
files = [
    {file = "wagtail-7.4.2-py3-none-any.whl", hash = "sha256:ae80a6d536a4098f7c9d37e169ba0f14c29c9769b50b6d92546f41e5cad201d8"},
    {file = "wagtail-7.4.2.tar.gz", hash = "sha256:6e261b50693abfbe2b738717bedc5bd0915e2e08efb9400102f4098c0c03aaab"},
]

[[package]]
name = "wagtail-bakery"
version = "0.8.0"
summary = "A set of helpers for baking your Django Wagtail site out as flat files."
groups = ["default"]
dependencies = [
    "django-bakery~=0.13.1",
    "wagtail>=4.1",
]
files = [
    {file = "wagtail-bakery-0.8.0.tar.gz", hash = "sha256:6ed7bfca032ef69daa51267ea820d4a9780620783559122684f92569c1467ebc"},
]

[[package]]
name = "willow"
version = "1.12.0"
requires_python = ">=3.10"
summary = "A Python image library that sits on top of Pillow, Wand and OpenCV"
groups = ["default"]
dependencies = [
    "defusedxml<1.0,>=0.7",
    "filetype!=1.1.0,>=1.0.10",
]
files = [
    {file = "willow-1.12.0-py3-none-any.whl", hash = "sha256:d3541690b6726a4f6f4654f80507d81bacfa0c686ab065eb5c90159f1b9cee38"},
    {file = "willow-1.12.0.tar.gz", hash = "sha256:db29c8d2f19b9d91f4ce22881521055aa2f6070131d64b4098cb86a98e851a70"},
]

[[package]]
name = "willow"
version = "1.12.0"
extras = ["heif"]
requires_python = ">=3.10"
summary = "A Python image library that sits on top of Pillow, Wand and OpenCV"
groups = ["default"]
dependencies = [
    "Willow==1.12.0",
    "pillow-heif>=1.0.0",
]
files = [
    {file = "willow-1.12.0-py3-none-any.whl", hash = "sha256:d3541690b6726a4f6f4654f80507d81bacfa0c686ab065eb5c90159f1b9cee38"},
    {file = "willow-1.12.0.tar.gz", hash = "sha256:db29c8d2f19b9d91f4ce22881521055aa2f6070131d64b4098cb86a98e851a70"},
]
